// !$*UTF8*$!
{
	archiveVersion = 1;
	classes = {
	};
	objectVersion = 46;
	objects = {

/* Begin PBXBuildFile section */
		7980930C1B632AFB00386578 /* main.cpp in Sources */ = {isa = PBXBuildFile; fileRef = 7980930B1B632AFB00386578 /* main.cpp */; };
		79A7A2B91B63CCAD00BCB62E /* openglx_1o5_renderer.cpp in Sources */ = {isa = PBXBuildFile; fileRef = 79A7A2B01B63CCAD00BCB62E /* openglx_1o5_renderer.cpp */; };
		79A7A2BA1B63CCAD00BCB62E /* openglx_1o5_renderer_readlock.cpp in Sources */ = {isa = PBXBuildFile; fileRef = 79A7A2B21B63CCAD00BCB62E /* openglx_1o5_renderer_readlock.cpp */; };
		79A7A2BB1B63CCAD00BCB62E /* openglx_1o5_renderer_ref.cpp in Sources */ = {isa = PBXBuildFile; fileRef = 79A7A2B41B63CCAD00BCB62E /* openglx_1o5_renderer_ref.cpp */; };
		79A7A2BC1B63CCAD00BCB62E /* openglx_1o5_renderer_writelock.cpp in Sources */ = {isa = PBXBuildFile; fileRef = 79A7A2B61B63CCAD00BCB62E /* openglx_1o5_renderer_writelock.cpp */; };
		79A7A2BE1B63E58C00BCB62E /* OpenGL.framework in Frameworks */ = {isa = PBXBuildFile; fileRef = 79A7A2BD1B63E58C00BCB62E /* OpenGL.framework */; };
		79A7A2DF1B63E93100BCB62E /* dpbitmap.cpp in Sources */ = {isa = PBXBuildFile; fileRef = 79A7A2C01B63E93100BCB62E /* dpbitmap.cpp */; };
		79A7A2E01B63E93100BCB62E /* dpbitmap_bitmap_loader.cpp in Sources */ = {isa = PBXBuildFile; fileRef = 79A7A2C21B63E93100BCB62E /* dpbitmap_bitmap_loader.cpp */; };
		79A7A2E11B63E93100BCB62E /* dpmatrix.cpp in Sources */ = {isa = PBXBuildFile; fileRef = 79A7A2C61B63E93100BCB62E /* dpmatrix.cpp */; };
		79A7A2E21B63E93100BCB62E /* dpindex_buffer.cpp in Sources */ = {isa = PBXBuildFile; fileRef = 79A7A2CB1B63E93100BCB62E /* dpindex_buffer.cpp */; };
		79A7A2E31B63E93100BCB62E /* dpvertex.cpp in Sources */ = {isa = PBXBuildFile; fileRef = 79A7A2D31B63E93100BCB62E /* dpvertex.cpp */; };
		79A7A2E41B63E93100BCB62E /* dpvertex_buffer.cpp in Sources */ = {isa = PBXBuildFile; fileRef = 79A7A2D51B63E93100BCB62E /* dpvertex_buffer.cpp */; };
		79A7A2E51B63E93100BCB62E /* dpvertex_buffer_indextree.cpp in Sources */ = {isa = PBXBuildFile; fileRef = 79A7A2D71B63E93100BCB62E /* dpvertex_buffer_indextree.cpp */; };
		79A7A2E61B63E93100BCB62E /* dpvertexindex_buffer.cpp in Sources */ = {isa = PBXBuildFile; fileRef = 79A7A2DA1B63E93100BCB62E /* dpvertexindex_buffer.cpp */; };
		79A7A2F61B63F5CE00BCB62E /* model.cpp in Sources */ = {isa = PBXBuildFile; fileRef = 79A7A2E81B63F5CE00BCB62E /* model.cpp */; };
		79A7A2F71B63F5CE00BCB62E /* model_component.cpp in Sources */ = {isa = PBXBuildFile; fileRef = 79A7A2EB1B63F5CE00BCB62E /* model_component.cpp */; };
		79A7A2F81B63F5CE00BCB62E /* model_readlock.cpp in Sources */ = {isa = PBXBuildFile; fileRef = 79A7A2EF1B63F5CE00BCB62E /* model_readlock.cpp */; };
		79A7A2F91B63F5CE00BCB62E /* model_ref.cpp in Sources */ = {isa = PBXBuildFile; fileRef = 79A7A2F11B63F5CE00BCB62E /* model_ref.cpp */; };
		79A7A2FA1B63F5CE00BCB62E /* model_writelock.cpp in Sources */ = {isa = PBXBuildFile; fileRef = 79A7A2F31B63F5CE00BCB62E /* model_writelock.cpp */; };
		79A7A2FD1B6402A900BCB62E /* model_task.cpp in Sources */ = {isa = PBXBuildFile; fileRef = 79A7A2FB1B6402A900BCB62E /* model_task.cpp */; };
		79F856961B639989009A56FC /* bytetree.cpp in Sources */ = {isa = PBXBuildFile; fileRef = 79F856421B639989009A56FC /* bytetree.cpp */; };
		79F856971B639989009A56FC /* dpid_bytetree.cpp in Sources */ = {isa = PBXBuildFile; fileRef = 79F856451B639989009A56FC /* dpid_bytetree.cpp */; };
		79F856981B639989009A56FC /* dpid_multibytetree.cpp in Sources */ = {isa = PBXBuildFile; fileRef = 79F856471B639989009A56FC /* dpid_multibytetree.cpp */; };
		79F856991B639989009A56FC /* multibytetree.cpp in Sources */ = {isa = PBXBuildFile; fileRef = 79F856491B639989009A56FC /* multibytetree.cpp */; };
		79F8569A1B639989009A56FC /* core.cpp in Sources */ = {isa = PBXBuildFile; fileRef = 79F8564B1B639989009A56FC /* core.cpp */; };
		79F8569B1B639989009A56FC /* dpid.cpp in Sources */ = {isa = PBXBuildFile; fileRef = 79F8564F1B639989009A56FC /* dpid.cpp */; };
		79F8569C1B639989009A56FC /* dpmutex.cpp in Sources */ = {isa = PBXBuildFile; fileRef = 79F856531B639989009A56FC /* dpmutex.cpp */; };
		79F8569D1B639989009A56FC /* dpmutex_lock.cpp in Sources */ = {isa = PBXBuildFile; fileRef = 79F856561B639989009A56FC /* dpmutex_lock.cpp */; };
		79F8569E1B639989009A56FC /* dpmutex_master.cpp in Sources */ = {isa = PBXBuildFile; fileRef = 79F856591B639989009A56FC /* dpmutex_master.cpp */; };
		79F8569F1B639989009A56FC /* dpmutex_readlock.cpp in Sources */ = {isa = PBXBuildFile; fileRef = 79F8565B1B639989009A56FC /* dpmutex_readlock.cpp */; };
		79F856A01B639989009A56FC /* dpmutex_writelock.cpp in Sources */ = {isa = PBXBuildFile; fileRef = 79F8565D1B639989009A56FC /* dpmutex_writelock.cpp */; };
		79F856A11B639989009A56FC /* dpsponlock.cpp in Sources */ = {isa = PBXBuildFile; fileRef = 79F856611B639989009A56FC /* dpsponlock.cpp */; };
		79F856A21B639989009A56FC /* dptask.cpp in Sources */ = {isa = PBXBuildFile; fileRef = 79F856651B639989009A56FC /* dptask.cpp */; };
		79F856A31B639989009A56FC /* dptask_owner.cpp in Sources */ = {isa = PBXBuildFile; fileRef = 79F856671B639989009A56FC /* dptask_owner.cpp */; };
		79F856A41B639989009A56FC /* dptask_readlock.cpp in Sources */ = {isa = PBXBuildFile; fileRef = 79F856691B639989009A56FC /* dptask_readlock.cpp */; };
		79F856A51B639989009A56FC /* dptask_ref.cpp in Sources */ = {isa = PBXBuildFile; fileRef = 79F8566B1B639989009A56FC /* dptask_ref.cpp */; };
		79F856A61B639989009A56FC /* dptask_writelock.cpp in Sources */ = {isa = PBXBuildFile; fileRef = 79F8566D1B639989009A56FC /* dptask_writelock.cpp */; };
		79F856A71B639989009A56FC /* dptaskpool.cpp in Sources */ = {isa = PBXBuildFile; fileRef = 79F856711B639989009A56FC /* dptaskpool.cpp */; };
		79F856A81B639989009A56FC /* dptaskpool_readlock.cpp in Sources */ = {isa = PBXBuildFile; fileRef = 79F856731B639989009A56FC /* dptaskpool_readlock.cpp */; };
		79F856A91B639989009A56FC /* dptaskpool_ref.cpp in Sources */ = {isa = PBXBuildFile; fileRef = 79F856751B639989009A56FC /* dptaskpool_ref.cpp */; };
		79F856AA1B639989009A56FC /* dptaskpool_writelock.cpp in Sources */ = {isa = PBXBuildFile; fileRef = 79F856771B639989009A56FC /* dptaskpool_writelock.cpp */; };
		79F856AB1B639989009A56FC /* dpthread.cpp in Sources */ = {isa = PBXBuildFile; fileRef = 79F8567B1B639989009A56FC /* dpthread.cpp */; };
		79F856AC1B639989009A56FC /* dpthread_interface.cpp in Sources */ = {isa = PBXBuildFile; fileRef = 79F8567D1B639989009A56FC /* dpthread_interface.cpp */; };
		79F856AD1B639989009A56FC /* dpthread_lock.cpp in Sources */ = {isa = PBXBuildFile; fileRef = 79F8567F1B639989009A56FC /* dpthread_lock.cpp */; };
		79F856AE1B639989009A56FC /* shared_obj.cpp in Sources */ = {isa = PBXBuildFile; fileRef = 79F856831B639989009A56FC /* shared_obj.cpp */; };
		79F856AF1B639989009A56FC /* shared_obj_guard.cpp in Sources */ = {isa = PBXBuildFile; fileRef = 79F856851B639989009A56FC /* shared_obj_guard.cpp */; };
		79F856B01B639989009A56FC /* shared_obj_interface.cpp in Sources */ = {isa = PBXBuildFile; fileRef = 79F856871B639989009A56FC /* shared_obj_interface.cpp */; };
		79F856B11B639989009A56FC /* shared_obj_lock.cpp in Sources */ = {isa = PBXBuildFile; fileRef = 79F856891B639989009A56FC /* shared_obj_lock.cpp */; };
		79F856B21B639989009A56FC /* shared_obj_readlock.cpp in Sources */ = {isa = PBXBuildFile; fileRef = 79F8568B1B639989009A56FC /* shared_obj_readlock.cpp */; };
		79F856B31B639989009A56FC /* shared_obj_ref.cpp in Sources */ = {isa = PBXBuildFile; fileRef = 79F8568D1B639989009A56FC /* shared_obj_ref.cpp */; };
		79F856B41B639989009A56FC /* shared_obj_refkernal.cpp in Sources */ = {isa = PBXBuildFile; fileRef = 79F8568F1B639989009A56FC /* shared_obj_refkernal.cpp */; };
		79F856B51B639989009A56FC /* shared_obj_writelock.cpp in Sources */ = {isa = PBXBuildFile; fileRef = 79F856911B639989009A56FC /* shared_obj_writelock.cpp */; };
		79F856C21B63A2C4009A56FC /* gfx.cpp in Sources */ = {isa = PBXBuildFile; fileRef = 79F856B71B63A2C4009A56FC /* gfx.cpp */; };
		79F856C31B63A2C4009A56FC /* gfx_readlock.cpp in Sources */ = {isa = PBXBuildFile; fileRef = 79F856B91B63A2C4009A56FC /* gfx_readlock.cpp */; };
		79F856C41B63A2C4009A56FC /* gfx_ref.cpp in Sources */ = {isa = PBXBuildFile; fileRef = 79F856BB1B63A2C4009A56FC /* gfx_ref.cpp */; };
		79F856C51B63A2C4009A56FC /* gfx_task.cpp in Sources */ = {isa = PBXBuildFile; fileRef = 79F856BD1B63A2C4009A56FC /* gfx_task.cpp */; };
		79F856C61B63A2C4009A56FC /* gfx_writelock.cpp in Sources */ = {isa = PBXBuildFile; fileRef = 79F856BF1B63A2C4009A56FC /* gfx_writelock.cpp */; };
		79F856D11B63A2CD009A56FC /* renderer.cpp in Sources */ = {isa = PBXBuildFile; fileRef = 79F856C81B63A2CD009A56FC /* renderer.cpp */; };
		79F856D21B63A2CD009A56FC /* renderer_readlock.cpp in Sources */ = {isa = PBXBuildFile; fileRef = 79F856CA1B63A2CD009A56FC /* renderer_readlock.cpp */; };
		79F856D31B63A2CD009A56FC /* renderer_ref.cpp in Sources */ = {isa = PBXBuildFile; fileRef = 79F856CC1B63A2CD009A56FC /* renderer_ref.cpp */; };
		79F856D41B63A2CD009A56FC /* renderer_writelock.cpp in Sources */ = {isa = PBXBuildFile; fileRef = 79F856CE1B63A2CD009A56FC /* renderer_writelock.cpp */; };
		79F856D81B63A5BF009A56FC /* renderer_task.cpp in Sources */ = {isa = PBXBuildFile; fileRef = 79F856D61B63A5BF009A56FC /* renderer_task.cpp */; };
/* End PBXBuildFile section */

/* Begin PBXCopyFilesBuildPhase section */
		798093061B632AFB00386578 /* CopyFiles */ = {
			isa = PBXCopyFilesBuildPhase;
			buildActionMask = 2147483647;
			dstPath = /usr/share/man/man1/;
			dstSubfolderSpec = 0;
			files = (
			);
			runOnlyForDeploymentPostprocessing = 1;
		};
/* End PBXCopyFilesBuildPhase section */

/* Begin PBXFileReference section */
		798093081B632AFB00386578 /* dragonpoop_prealpha2 */ = {isa = PBXFileReference; explicitFileType = "compiled.mach-o.executable"; includeInIndex = 0; path = dragonpoop_prealpha2; sourceTree = BUILT_PRODUCTS_DIR; };
		7980930B1B632AFB00386578 /* main.cpp */ = {isa = PBXFileReference; lastKnownFileType = sourcecode.cpp.cpp; path = main.cpp; sourceTree = "<group>"; };
		79A7A2B01B63CCAD00BCB62E /* openglx_1o5_renderer.cpp */ = {isa = PBXFileReference; fileEncoding = 4; lastKnownFileType = sourcecode.cpp.cpp; path = openglx_1o5_renderer.cpp; sourceTree = "<group>"; };
		79A7A2B11B63CCAD00BCB62E /* openglx_1o5_renderer.h */ = {isa = PBXFileReference; fileEncoding = 4; lastKnownFileType = sourcecode.c.h; path = openglx_1o5_renderer.h; sourceTree = "<group>"; };
		79A7A2B21B63CCAD00BCB62E /* openglx_1o5_renderer_readlock.cpp */ = {isa = PBXFileReference; fileEncoding = 4; lastKnownFileType = sourcecode.cpp.cpp; path = openglx_1o5_renderer_readlock.cpp; sourceTree = "<group>"; };
		79A7A2B31B63CCAD00BCB62E /* openglx_1o5_renderer_readlock.h */ = {isa = PBXFileReference; fileEncoding = 4; lastKnownFileType = sourcecode.c.h; path = openglx_1o5_renderer_readlock.h; sourceTree = "<group>"; };
		79A7A2B41B63CCAD00BCB62E /* openglx_1o5_renderer_ref.cpp */ = {isa = PBXFileReference; fileEncoding = 4; lastKnownFileType = sourcecode.cpp.cpp; path = openglx_1o5_renderer_ref.cpp; sourceTree = "<group>"; };
		79A7A2B51B63CCAD00BCB62E /* openglx_1o5_renderer_ref.h */ = {isa = PBXFileReference; fileEncoding = 4; lastKnownFileType = sourcecode.c.h; path = openglx_1o5_renderer_ref.h; sourceTree = "<group>"; };
		79A7A2B61B63CCAD00BCB62E /* openglx_1o5_renderer_writelock.cpp */ = {isa = PBXFileReference; fileEncoding = 4; lastKnownFileType = sourcecode.cpp.cpp; path = openglx_1o5_renderer_writelock.cpp; sourceTree = "<group>"; };
		79A7A2B71B63CCAD00BCB62E /* openglx_1o5_renderer_writelock.h */ = {isa = PBXFileReference; fileEncoding = 4; lastKnownFileType = sourcecode.c.h; path = openglx_1o5_renderer_writelock.h; sourceTree = "<group>"; };
		79A7A2B81B63CCAD00BCB62E /* openglx_1o5_renderers.h */ = {isa = PBXFileReference; fileEncoding = 4; lastKnownFileType = sourcecode.c.h; path = openglx_1o5_renderers.h; sourceTree = "<group>"; };
		79A7A2BD1B63E58C00BCB62E /* OpenGL.framework */ = {isa = PBXFileReference; lastKnownFileType = wrapper.framework; name = OpenGL.framework; path = dragonpoop_prealpha2/OpenGL.framework; sourceTree = "<group>"; };
		79A7A2C01B63E93100BCB62E /* dpbitmap.cpp */ = {isa = PBXFileReference; fileEncoding = 4; lastKnownFileType = sourcecode.cpp.cpp; path = dpbitmap.cpp; sourceTree = "<group>"; };
		79A7A2C11B63E93100BCB62E /* dpbitmap.h */ = {isa = PBXFileReference; fileEncoding = 4; lastKnownFileType = sourcecode.c.h; path = dpbitmap.h; sourceTree = "<group>"; };
		79A7A2C21B63E93100BCB62E /* dpbitmap_bitmap_loader.cpp */ = {isa = PBXFileReference; fileEncoding = 4; lastKnownFileType = sourcecode.cpp.cpp; path = dpbitmap_bitmap_loader.cpp; sourceTree = "<group>"; };
		79A7A2C31B63E93100BCB62E /* dpbitmap_bitmap_loader.h */ = {isa = PBXFileReference; fileEncoding = 4; lastKnownFileType = sourcecode.c.h; path = dpbitmap_bitmap_loader.h; sourceTree = "<group>"; };
		79A7A2C41B63E93100BCB62E /* dpbitmaps.h */ = {isa = PBXFileReference; fileEncoding = 4; lastKnownFileType = sourcecode.c.h; path = dpbitmaps.h; sourceTree = "<group>"; };
		79A7A2C61B63E93100BCB62E /* dpmatrix.cpp */ = {isa = PBXFileReference; fileEncoding = 4; lastKnownFileType = sourcecode.cpp.cpp; path = dpmatrix.cpp; sourceTree = "<group>"; };
		79A7A2C71B63E93100BCB62E /* dpmatrix.h */ = {isa = PBXFileReference; fileEncoding = 4; lastKnownFileType = sourcecode.c.h; path = dpmatrix.h; sourceTree = "<group>"; };
		79A7A2C81B63E93100BCB62E /* dpmatrixes.h */ = {isa = PBXFileReference; fileEncoding = 4; lastKnownFileType = sourcecode.c.h; path = dpmatrixes.h; sourceTree = "<group>"; };
		79A7A2CA1B63E93100BCB62E /* dpindex.h */ = {isa = PBXFileReference; fileEncoding = 4; lastKnownFileType = sourcecode.c.h; path = dpindex.h; sourceTree = "<group>"; };
		79A7A2CB1B63E93100BCB62E /* dpindex_buffer.cpp */ = {isa = PBXFileReference; fileEncoding = 4; lastKnownFileType = sourcecode.cpp.cpp; path = dpindex_buffer.cpp; sourceTree = "<group>"; };
		79A7A2CC1B63E93100BCB62E /* dpindex_buffer.h */ = {isa = PBXFileReference; fileEncoding = 4; lastKnownFileType = sourcecode.c.h; path = dpindex_buffer.h; sourceTree = "<group>"; };
		79A7A2CD1B63E93100BCB62E /* dpindex_f.h */ = {isa = PBXFileReference; fileEncoding = 4; lastKnownFileType = sourcecode.c.h; path = dpindex_f.h; sourceTree = "<group>"; };
		79A7A2CE1B63E93100BCB62E /* dprgb_f.h */ = {isa = PBXFileReference; fileEncoding = 4; lastKnownFileType = sourcecode.c.h; path = dprgb_f.h; sourceTree = "<group>"; };
		79A7A2CF1B63E93100BCB62E /* dprgba.h */ = {isa = PBXFileReference; fileEncoding = 4; lastKnownFileType = sourcecode.c.h; path = dprgba.h; sourceTree = "<group>"; };
		79A7A2D01B63E93100BCB62E /* dprgba_f.h */ = {isa = PBXFileReference; fileEncoding = 4; lastKnownFileType = sourcecode.c.h; path = dprgba_f.h; sourceTree = "<group>"; };
		79A7A2D11B63E93100BCB62E /* dpst.h */ = {isa = PBXFileReference; fileEncoding = 4; lastKnownFileType = sourcecode.c.h; path = dpst.h; sourceTree = "<group>"; };
		79A7A2D21B63E93100BCB62E /* dpst_f.h */ = {isa = PBXFileReference; fileEncoding = 4; lastKnownFileType = sourcecode.c.h; path = dpst_f.h; sourceTree = "<group>"; };
		79A7A2D31B63E93100BCB62E /* dpvertex.cpp */ = {isa = PBXFileReference; fileEncoding = 4; lastKnownFileType = sourcecode.cpp.cpp; path = dpvertex.cpp; sourceTree = "<group>"; };
		79A7A2D41B63E93100BCB62E /* dpvertex.h */ = {isa = PBXFileReference; fileEncoding = 4; lastKnownFileType = sourcecode.c.h; path = dpvertex.h; sourceTree = "<group>"; };
		79A7A2D51B63E93100BCB62E /* dpvertex_buffer.cpp */ = {isa = PBXFileReference; fileEncoding = 4; lastKnownFileType = sourcecode.cpp.cpp; path = dpvertex_buffer.cpp; sourceTree = "<group>"; };
		79A7A2D61B63E93100BCB62E /* dpvertex_buffer.h */ = {isa = PBXFileReference; fileEncoding = 4; lastKnownFileType = sourcecode.c.h; path = dpvertex_buffer.h; sourceTree = "<group>"; };
		79A7A2D71B63E93100BCB62E /* dpvertex_buffer_indextree.cpp */ = {isa = PBXFileReference; fileEncoding = 4; lastKnownFileType = sourcecode.cpp.cpp; path = dpvertex_buffer_indextree.cpp; sourceTree = "<group>"; };
		79A7A2D81B63E93100BCB62E /* dpvertex_buffer_indextree.h */ = {isa = PBXFileReference; fileEncoding = 4; lastKnownFileType = sourcecode.c.h; path = dpvertex_buffer_indextree.h; sourceTree = "<group>"; };
		79A7A2D91B63E93100BCB62E /* dpvertexes.h */ = {isa = PBXFileReference; fileEncoding = 4; lastKnownFileType = sourcecode.c.h; path = dpvertexes.h; sourceTree = "<group>"; };
		79A7A2DA1B63E93100BCB62E /* dpvertexindex_buffer.cpp */ = {isa = PBXFileReference; fileEncoding = 4; lastKnownFileType = sourcecode.cpp.cpp; path = dpvertexindex_buffer.cpp; sourceTree = "<group>"; };
		79A7A2DB1B63E93100BCB62E /* dpvertexindex_buffer.h */ = {isa = PBXFileReference; fileEncoding = 4; lastKnownFileType = sourcecode.c.h; path = dpvertexindex_buffer.h; sourceTree = "<group>"; };
		79A7A2DC1B63E93100BCB62E /* dpxyz_f.h */ = {isa = PBXFileReference; fileEncoding = 4; lastKnownFileType = sourcecode.c.h; path = dpxyz_f.h; sourceTree = "<group>"; };
		79A7A2DD1B63E93100BCB62E /* dpxyzw.h */ = {isa = PBXFileReference; fileEncoding = 4; lastKnownFileType = sourcecode.c.h; path = dpxyzw.h; sourceTree = "<group>"; };
		79A7A2DE1B63E93100BCB62E /* dpxyzw_f.h */ = {isa = PBXFileReference; fileEncoding = 4; lastKnownFileType = sourcecode.c.h; path = dpxyzw_f.h; sourceTree = "<group>"; };
		79A7A2E81B63F5CE00BCB62E /* model.cpp */ = {isa = PBXFileReference; fileEncoding = 4; lastKnownFileType = sourcecode.cpp.cpp; path = model.cpp; sourceTree = "<group>"; };
		79A7A2E91B63F5CE00BCB62E /* model.h */ = {isa = PBXFileReference; fileEncoding = 4; lastKnownFileType = sourcecode.c.h; path = model.h; sourceTree = "<group>"; };
		79A7A2EB1B63F5CE00BCB62E /* model_component.cpp */ = {isa = PBXFileReference; fileEncoding = 4; lastKnownFileType = sourcecode.cpp.cpp; path = model_component.cpp; sourceTree = "<group>"; };
		79A7A2EC1B63F5CE00BCB62E /* model_component.h */ = {isa = PBXFileReference; fileEncoding = 4; lastKnownFileType = sourcecode.c.h; path = model_component.h; sourceTree = "<group>"; };
		79A7A2ED1B63F5CE00BCB62E /* model_component_types.h */ = {isa = PBXFileReference; fileEncoding = 4; lastKnownFileType = sourcecode.c.h; path = model_component_types.h; sourceTree = "<group>"; };
		79A7A2EE1B63F5CE00BCB62E /* model_components.h */ = {isa = PBXFileReference; fileEncoding = 4; lastKnownFileType = sourcecode.c.h; path = model_components.h; sourceTree = "<group>"; };
		79A7A2EF1B63F5CE00BCB62E /* model_readlock.cpp */ = {isa = PBXFileReference; fileEncoding = 4; lastKnownFileType = sourcecode.cpp.cpp; path = model_readlock.cpp; sourceTree = "<group>"; };
		79A7A2F01B63F5CE00BCB62E /* model_readlock.h */ = {isa = PBXFileReference; fileEncoding = 4; lastKnownFileType = sourcecode.c.h; path = model_readlock.h; sourceTree = "<group>"; };
		79A7A2F11B63F5CE00BCB62E /* model_ref.cpp */ = {isa = PBXFileReference; fileEncoding = 4; lastKnownFileType = sourcecode.cpp.cpp; path = model_ref.cpp; sourceTree = "<group>"; };
		79A7A2F21B63F5CE00BCB62E /* model_ref.h */ = {isa = PBXFileReference; fileEncoding = 4; lastKnownFileType = sourcecode.c.h; path = model_ref.h; sourceTree = "<group>"; };
		79A7A2F31B63F5CE00BCB62E /* model_writelock.cpp */ = {isa = PBXFileReference; fileEncoding = 4; lastKnownFileType = sourcecode.cpp.cpp; path = model_writelock.cpp; sourceTree = "<group>"; };
		79A7A2F41B63F5CE00BCB62E /* model_writelock.h */ = {isa = PBXFileReference; fileEncoding = 4; lastKnownFileType = sourcecode.c.h; path = model_writelock.h; sourceTree = "<group>"; };
		79A7A2F51B63F5CE00BCB62E /* models.h */ = {isa = PBXFileReference; fileEncoding = 4; lastKnownFileType = sourcecode.c.h; path = models.h; sourceTree = "<group>"; };
		79A7A2FB1B6402A900BCB62E /* model_task.cpp */ = {isa = PBXFileReference; fileEncoding = 4; lastKnownFileType = sourcecode.cpp.cpp; path = model_task.cpp; sourceTree = "<group>"; };
		79A7A2FC1B6402A900BCB62E /* model_task.h */ = {isa = PBXFileReference; fileEncoding = 4; lastKnownFileType = sourcecode.c.h; path = model_task.h; sourceTree = "<group>"; };
		79F856421B639989009A56FC /* bytetree.cpp */ = {isa = PBXFileReference; fileEncoding = 4; lastKnownFileType = sourcecode.cpp.cpp; path = bytetree.cpp; sourceTree = "<group>"; };
		79F856431B639989009A56FC /* bytetree.h */ = {isa = PBXFileReference; fileEncoding = 4; lastKnownFileType = sourcecode.c.h; path = bytetree.h; sourceTree = "<group>"; };
		79F856441B639989009A56FC /* bytetrees.h */ = {isa = PBXFileReference; fileEncoding = 4; lastKnownFileType = sourcecode.c.h; path = bytetrees.h; sourceTree = "<group>"; };
		79F856451B639989009A56FC /* dpid_bytetree.cpp */ = {isa = PBXFileReference; fileEncoding = 4; lastKnownFileType = sourcecode.cpp.cpp; path = dpid_bytetree.cpp; sourceTree = "<group>"; };
		79F856461B639989009A56FC /* dpid_bytetree.h */ = {isa = PBXFileReference; fileEncoding = 4; lastKnownFileType = sourcecode.c.h; path = dpid_bytetree.h; sourceTree = "<group>"; };
		79F856471B639989009A56FC /* dpid_multibytetree.cpp */ = {isa = PBXFileReference; fileEncoding = 4; lastKnownFileType = sourcecode.cpp.cpp; path = dpid_multibytetree.cpp; sourceTree = "<group>"; };
		79F856481B639989009A56FC /* dpid_multibytetree.h */ = {isa = PBXFileReference; fileEncoding = 4; lastKnownFileType = sourcecode.c.h; path = dpid_multibytetree.h; sourceTree = "<group>"; };
		79F856491B639989009A56FC /* multibytetree.cpp */ = {isa = PBXFileReference; fileEncoding = 4; lastKnownFileType = sourcecode.cpp.cpp; path = multibytetree.cpp; sourceTree = "<group>"; };
		79F8564A1B639989009A56FC /* multibytetree.h */ = {isa = PBXFileReference; fileEncoding = 4; lastKnownFileType = sourcecode.c.h; path = multibytetree.h; sourceTree = "<group>"; };
		79F8564B1B639989009A56FC /* core.cpp */ = {isa = PBXFileReference; fileEncoding = 4; lastKnownFileType = sourcecode.cpp.cpp; path = core.cpp; sourceTree = "<group>"; };
		79F8564C1B639989009A56FC /* core.h */ = {isa = PBXFileReference; fileEncoding = 4; lastKnownFileType = sourcecode.c.h; path = core.h; sourceTree = "<group>"; };
		79F8564D1B639989009A56FC /* cores.h */ = {isa = PBXFileReference; fileEncoding = 4; lastKnownFileType = sourcecode.c.h; path = cores.h; sourceTree = "<group>"; };
		79F8564F1B639989009A56FC /* dpid.cpp */ = {isa = PBXFileReference; fileEncoding = 4; lastKnownFileType = sourcecode.cpp.cpp; path = dpid.cpp; sourceTree = "<group>"; };
		79F856501B639989009A56FC /* dpid.h */ = {isa = PBXFileReference; fileEncoding = 4; lastKnownFileType = sourcecode.c.h; path = dpid.h; sourceTree = "<group>"; };
		79F856511B639989009A56FC /* dpids.h */ = {isa = PBXFileReference; fileEncoding = 4; lastKnownFileType = sourcecode.c.h; path = dpids.h; sourceTree = "<group>"; };
		79F856531B639989009A56FC /* dpmutex.cpp */ = {isa = PBXFileReference; fileEncoding = 4; lastKnownFileType = sourcecode.cpp.cpp; path = dpmutex.cpp; sourceTree = "<group>"; };
		79F856541B639989009A56FC /* dpmutex.h */ = {isa = PBXFileReference; fileEncoding = 4; lastKnownFileType = sourcecode.c.h; path = dpmutex.h; sourceTree = "<group>"; };
		79F856551B639989009A56FC /* dpmutex_listing.h */ = {isa = PBXFileReference; fileEncoding = 4; lastKnownFileType = sourcecode.c.h; path = dpmutex_listing.h; sourceTree = "<group>"; };
		79F856561B639989009A56FC /* dpmutex_lock.cpp */ = {isa = PBXFileReference; fileEncoding = 4; lastKnownFileType = sourcecode.cpp.cpp; path = dpmutex_lock.cpp; sourceTree = "<group>"; };
		79F856571B639989009A56FC /* dpmutex_lock.h */ = {isa = PBXFileReference; fileEncoding = 4; lastKnownFileType = sourcecode.c.h; path = dpmutex_lock.h; sourceTree = "<group>"; };
		79F856581B639989009A56FC /* dpmutex_lock_listing.h */ = {isa = PBXFileReference; fileEncoding = 4; lastKnownFileType = sourcecode.c.h; path = dpmutex_lock_listing.h; sourceTree = "<group>"; };
		79F856591B639989009A56FC /* dpmutex_master.cpp */ = {isa = PBXFileReference; fileEncoding = 4; lastKnownFileType = sourcecode.cpp.cpp; path = dpmutex_master.cpp; sourceTree = "<group>"; };
		79F8565A1B639989009A56FC /* dpmutex_master.h */ = {isa = PBXFileReference; fileEncoding = 4; lastKnownFileType = sourcecode.c.h; path = dpmutex_master.h; sourceTree = "<group>"; };
		79F8565B1B639989009A56FC /* dpmutex_readlock.cpp */ = {isa = PBXFileReference; fileEncoding = 4; lastKnownFileType = sourcecode.cpp.cpp; path = dpmutex_readlock.cpp; sourceTree = "<group>"; };
		79F8565C1B639989009A56FC /* dpmutex_readlock.h */ = {isa = PBXFileReference; fileEncoding = 4; lastKnownFileType = sourcecode.c.h; path = dpmutex_readlock.h; sourceTree = "<group>"; };
		79F8565D1B639989009A56FC /* dpmutex_writelock.cpp */ = {isa = PBXFileReference; fileEncoding = 4; lastKnownFileType = sourcecode.cpp.cpp; path = dpmutex_writelock.cpp; sourceTree = "<group>"; };
		79F8565E1B639989009A56FC /* dpmutex_writelock.h */ = {isa = PBXFileReference; fileEncoding = 4; lastKnownFileType = sourcecode.c.h; path = dpmutex_writelock.h; sourceTree = "<group>"; };
		79F8565F1B639989009A56FC /* dpmutexes.h */ = {isa = PBXFileReference; fileEncoding = 4; lastKnownFileType = sourcecode.c.h; path = dpmutexes.h; sourceTree = "<group>"; };
		79F856611B639989009A56FC /* dpsponlock.cpp */ = {isa = PBXFileReference; fileEncoding = 4; lastKnownFileType = sourcecode.cpp.cpp; path = dpsponlock.cpp; sourceTree = "<group>"; };
		79F856621B639989009A56FC /* dpsponlock.h */ = {isa = PBXFileReference; fileEncoding = 4; lastKnownFileType = sourcecode.c.h; path = dpsponlock.h; sourceTree = "<group>"; };
		79F856631B639989009A56FC /* dpsponlocks.h */ = {isa = PBXFileReference; fileEncoding = 4; lastKnownFileType = sourcecode.c.h; path = dpsponlocks.h; sourceTree = "<group>"; };
		79F856651B639989009A56FC /* dptask.cpp */ = {isa = PBXFileReference; fileEncoding = 4; lastKnownFileType = sourcecode.cpp.cpp; path = dptask.cpp; sourceTree = "<group>"; };
		79F856661B639989009A56FC /* dptask.h */ = {isa = PBXFileReference; fileEncoding = 4; lastKnownFileType = sourcecode.c.h; path = dptask.h; sourceTree = "<group>"; };
		79F856671B639989009A56FC /* dptask_owner.cpp */ = {isa = PBXFileReference; fileEncoding = 4; lastKnownFileType = sourcecode.cpp.cpp; path = dptask_owner.cpp; sourceTree = "<group>"; };
		79F856681B639989009A56FC /* dptask_owner.h */ = {isa = PBXFileReference; fileEncoding = 4; lastKnownFileType = sourcecode.c.h; path = dptask_owner.h; sourceTree = "<group>"; };
		79F856691B639989009A56FC /* dptask_readlock.cpp */ = {isa = PBXFileReference; fileEncoding = 4; lastKnownFileType = sourcecode.cpp.cpp; path = dptask_readlock.cpp; sourceTree = "<group>"; };
		79F8566A1B639989009A56FC /* dptask_readlock.h */ = {isa = PBXFileReference; fileEncoding = 4; lastKnownFileType = sourcecode.c.h; path = dptask_readlock.h; sourceTree = "<group>"; };
		79F8566B1B639989009A56FC /* dptask_ref.cpp */ = {isa = PBXFileReference; fileEncoding = 4; lastKnownFileType = sourcecode.cpp.cpp; path = dptask_ref.cpp; sourceTree = "<group>"; };
		79F8566C1B639989009A56FC /* dptask_ref.h */ = {isa = PBXFileReference; fileEncoding = 4; lastKnownFileType = sourcecode.c.h; path = dptask_ref.h; sourceTree = "<group>"; };
		79F8566D1B639989009A56FC /* dptask_writelock.cpp */ = {isa = PBXFileReference; fileEncoding = 4; lastKnownFileType = sourcecode.cpp.cpp; path = dptask_writelock.cpp; sourceTree = "<group>"; };
		79F8566E1B639989009A56FC /* dptask_writelock.h */ = {isa = PBXFileReference; fileEncoding = 4; lastKnownFileType = sourcecode.c.h; path = dptask_writelock.h; sourceTree = "<group>"; };
		79F8566F1B639989009A56FC /* dptasks.h */ = {isa = PBXFileReference; fileEncoding = 4; lastKnownFileType = sourcecode.c.h; path = dptasks.h; sourceTree = "<group>"; };
		79F856711B639989009A56FC /* dptaskpool.cpp */ = {isa = PBXFileReference; fileEncoding = 4; lastKnownFileType = sourcecode.cpp.cpp; path = dptaskpool.cpp; sourceTree = "<group>"; };
		79F856721B639989009A56FC /* dptaskpool.h */ = {isa = PBXFileReference; fileEncoding = 4; lastKnownFileType = sourcecode.c.h; path = dptaskpool.h; sourceTree = "<group>"; };
		79F856731B639989009A56FC /* dptaskpool_readlock.cpp */ = {isa = PBXFileReference; fileEncoding = 4; lastKnownFileType = sourcecode.cpp.cpp; path = dptaskpool_readlock.cpp; sourceTree = "<group>"; };
		79F856741B639989009A56FC /* dptaskpool_readlock.h */ = {isa = PBXFileReference; fileEncoding = 4; lastKnownFileType = sourcecode.c.h; path = dptaskpool_readlock.h; sourceTree = "<group>"; };
		79F856751B639989009A56FC /* dptaskpool_ref.cpp */ = {isa = PBXFileReference; fileEncoding = 4; lastKnownFileType = sourcecode.cpp.cpp; path = dptaskpool_ref.cpp; sourceTree = "<group>"; };
		79F856761B639989009A56FC /* dptaskpool_ref.h */ = {isa = PBXFileReference; fileEncoding = 4; lastKnownFileType = sourcecode.c.h; path = dptaskpool_ref.h; sourceTree = "<group>"; };
		79F856771B639989009A56FC /* dptaskpool_writelock.cpp */ = {isa = PBXFileReference; fileEncoding = 4; lastKnownFileType = sourcecode.cpp.cpp; path = dptaskpool_writelock.cpp; sourceTree = "<group>"; };
		79F856781B639989009A56FC /* dptaskpool_writelock.h */ = {isa = PBXFileReference; fileEncoding = 4; lastKnownFileType = sourcecode.c.h; path = dptaskpool_writelock.h; sourceTree = "<group>"; };
		79F856791B639989009A56FC /* dptaskpools.h */ = {isa = PBXFileReference; fileEncoding = 4; lastKnownFileType = sourcecode.c.h; path = dptaskpools.h; sourceTree = "<group>"; };
		79F8567B1B639989009A56FC /* dpthread.cpp */ = {isa = PBXFileReference; fileEncoding = 4; lastKnownFileType = sourcecode.cpp.cpp; path = dpthread.cpp; sourceTree = "<group>"; };
		79F8567C1B639989009A56FC /* dpthread.h */ = {isa = PBXFileReference; fileEncoding = 4; lastKnownFileType = sourcecode.c.h; path = dpthread.h; sourceTree = "<group>"; };
		79F8567D1B639989009A56FC /* dpthread_interface.cpp */ = {isa = PBXFileReference; fileEncoding = 4; lastKnownFileType = sourcecode.cpp.cpp; path = dpthread_interface.cpp; sourceTree = "<group>"; };
		79F8567E1B639989009A56FC /* dpthread_interface.h */ = {isa = PBXFileReference; fileEncoding = 4; lastKnownFileType = sourcecode.c.h; path = dpthread_interface.h; sourceTree = "<group>"; };
		79F8567F1B639989009A56FC /* dpthread_lock.cpp */ = {isa = PBXFileReference; fileEncoding = 4; lastKnownFileType = sourcecode.cpp.cpp; path = dpthread_lock.cpp; sourceTree = "<group>"; };
		79F856801B639989009A56FC /* dpthread_lock.h */ = {isa = PBXFileReference; fileEncoding = 4; lastKnownFileType = sourcecode.c.h; path = dpthread_lock.h; sourceTree = "<group>"; };
		79F856811B639989009A56FC /* dpthreads.h */ = {isa = PBXFileReference; fileEncoding = 4; lastKnownFileType = sourcecode.c.h; path = dpthreads.h; sourceTree = "<group>"; };
		79F856831B639989009A56FC /* shared_obj.cpp */ = {isa = PBXFileReference; fileEncoding = 4; lastKnownFileType = sourcecode.cpp.cpp; path = shared_obj.cpp; sourceTree = "<group>"; };
		79F856841B639989009A56FC /* shared_obj.h */ = {isa = PBXFileReference; fileEncoding = 4; lastKnownFileType = sourcecode.c.h; path = shared_obj.h; sourceTree = "<group>"; };
		79F856851B639989009A56FC /* shared_obj_guard.cpp */ = {isa = PBXFileReference; fileEncoding = 4; lastKnownFileType = sourcecode.cpp.cpp; path = shared_obj_guard.cpp; sourceTree = "<group>"; };
		79F856861B639989009A56FC /* shared_obj_guard.h */ = {isa = PBXFileReference; fileEncoding = 4; lastKnownFileType = sourcecode.c.h; path = shared_obj_guard.h; sourceTree = "<group>"; };
		79F856871B639989009A56FC /* shared_obj_interface.cpp */ = {isa = PBXFileReference; fileEncoding = 4; lastKnownFileType = sourcecode.cpp.cpp; path = shared_obj_interface.cpp; sourceTree = "<group>"; };
		79F856881B639989009A56FC /* shared_obj_interface.h */ = {isa = PBXFileReference; fileEncoding = 4; lastKnownFileType = sourcecode.c.h; path = shared_obj_interface.h; sourceTree = "<group>"; };
		79F856891B639989009A56FC /* shared_obj_lock.cpp */ = {isa = PBXFileReference; fileEncoding = 4; lastKnownFileType = sourcecode.cpp.cpp; path = shared_obj_lock.cpp; sourceTree = "<group>"; };
		79F8568A1B639989009A56FC /* shared_obj_lock.h */ = {isa = PBXFileReference; fileEncoding = 4; lastKnownFileType = sourcecode.c.h; path = shared_obj_lock.h; sourceTree = "<group>"; };
		79F8568B1B639989009A56FC /* shared_obj_readlock.cpp */ = {isa = PBXFileReference; fileEncoding = 4; lastKnownFileType = sourcecode.cpp.cpp; path = shared_obj_readlock.cpp; sourceTree = "<group>"; };
		79F8568C1B639989009A56FC /* shared_obj_readlock.h */ = {isa = PBXFileReference; fileEncoding = 4; lastKnownFileType = sourcecode.c.h; path = shared_obj_readlock.h; sourceTree = "<group>"; };
		79F8568D1B639989009A56FC /* shared_obj_ref.cpp */ = {isa = PBXFileReference; fileEncoding = 4; lastKnownFileType = sourcecode.cpp.cpp; path = shared_obj_ref.cpp; sourceTree = "<group>"; };
		79F8568E1B639989009A56FC /* shared_obj_ref.h */ = {isa = PBXFileReference; fileEncoding = 4; lastKnownFileType = sourcecode.c.h; path = shared_obj_ref.h; sourceTree = "<group>"; };
		79F8568F1B639989009A56FC /* shared_obj_refkernal.cpp */ = {isa = PBXFileReference; fileEncoding = 4; lastKnownFileType = sourcecode.cpp.cpp; path = shared_obj_refkernal.cpp; sourceTree = "<group>"; };
		79F856901B639989009A56FC /* shared_obj_refkernal.h */ = {isa = PBXFileReference; fileEncoding = 4; lastKnownFileType = sourcecode.c.h; path = shared_obj_refkernal.h; sourceTree = "<group>"; };
		79F856911B639989009A56FC /* shared_obj_writelock.cpp */ = {isa = PBXFileReference; fileEncoding = 4; lastKnownFileType = sourcecode.cpp.cpp; path = shared_obj_writelock.cpp; sourceTree = "<group>"; };
		79F856921B639989009A56FC /* shared_obj_writelock.h */ = {isa = PBXFileReference; fileEncoding = 4; lastKnownFileType = sourcecode.c.h; path = shared_obj_writelock.h; sourceTree = "<group>"; };
		79F856931B639989009A56FC /* shared_objs.h */ = {isa = PBXFileReference; fileEncoding = 4; lastKnownFileType = sourcecode.c.h; path = shared_objs.h; sourceTree = "<group>"; };
		79F856941B639989009A56FC /* dragonpoop.h */ = {isa = PBXFileReference; fileEncoding = 4; lastKnownFileType = sourcecode.c.h; path = dragonpoop.h; sourceTree = "<group>"; };
		79F856951B639989009A56FC /* os_define.h */ = {isa = PBXFileReference; fileEncoding = 4; lastKnownFileType = sourcecode.c.h; path = os_define.h; sourceTree = "<group>"; };
		79F856B71B63A2C4009A56FC /* gfx.cpp */ = {isa = PBXFileReference; fileEncoding = 4; lastKnownFileType = sourcecode.cpp.cpp; path = gfx.cpp; sourceTree = "<group>"; };
		79F856B81B63A2C4009A56FC /* gfx.h */ = {isa = PBXFileReference; fileEncoding = 4; lastKnownFileType = sourcecode.c.h; path = gfx.h; sourceTree = "<group>"; };
		79F856B91B63A2C4009A56FC /* gfx_readlock.cpp */ = {isa = PBXFileReference; fileEncoding = 4; lastKnownFileType = sourcecode.cpp.cpp; path = gfx_readlock.cpp; sourceTree = "<group>"; };
		79F856BA1B63A2C4009A56FC /* gfx_readlock.h */ = {isa = PBXFileReference; fileEncoding = 4; lastKnownFileType = sourcecode.c.h; path = gfx_readlock.h; sourceTree = "<group>"; };
		79F856BB1B63A2C4009A56FC /* gfx_ref.cpp */ = {isa = PBXFileReference; fileEncoding = 4; lastKnownFileType = sourcecode.cpp.cpp; path = gfx_ref.cpp; sourceTree = "<group>"; };
		79F856BC1B63A2C4009A56FC /* gfx_ref.h */ = {isa = PBXFileReference; fileEncoding = 4; lastKnownFileType = sourcecode.c.h; path = gfx_ref.h; sourceTree = "<group>"; };
		79F856BD1B63A2C4009A56FC /* gfx_task.cpp */ = {isa = PBXFileReference; fileEncoding = 4; lastKnownFileType = sourcecode.cpp.cpp; path = gfx_task.cpp; sourceTree = "<group>"; };
		79F856BE1B63A2C4009A56FC /* gfx_task.h */ = {isa = PBXFileReference; fileEncoding = 4; lastKnownFileType = sourcecode.c.h; path = gfx_task.h; sourceTree = "<group>"; };
		79F856BF1B63A2C4009A56FC /* gfx_writelock.cpp */ = {isa = PBXFileReference; fileEncoding = 4; lastKnownFileType = sourcecode.cpp.cpp; path = gfx_writelock.cpp; sourceTree = "<group>"; };
		79F856C01B63A2C4009A56FC /* gfx_writelock.h */ = {isa = PBXFileReference; fileEncoding = 4; lastKnownFileType = sourcecode.c.h; path = gfx_writelock.h; sourceTree = "<group>"; };
		79F856C81B63A2CD009A56FC /* renderer.cpp */ = {isa = PBXFileReference; fileEncoding = 4; lastKnownFileType = sourcecode.cpp.cpp; path = renderer.cpp; sourceTree = "<group>"; };
		79F856C91B63A2CD009A56FC /* renderer.h */ = {isa = PBXFileReference; fileEncoding = 4; lastKnownFileType = sourcecode.c.h; path = renderer.h; sourceTree = "<group>"; };
		79F856CA1B63A2CD009A56FC /* renderer_readlock.cpp */ = {isa = PBXFileReference; fileEncoding = 4; lastKnownFileType = sourcecode.cpp.cpp; path = renderer_readlock.cpp; sourceTree = "<group>"; };
		79F856CB1B63A2CD009A56FC /* renderer_readlock.h */ = {isa = PBXFileReference; fileEncoding = 4; lastKnownFileType = sourcecode.c.h; path = renderer_readlock.h; sourceTree = "<group>"; };
		79F856CC1B63A2CD009A56FC /* renderer_ref.cpp */ = {isa = PBXFileReference; fileEncoding = 4; lastKnownFileType = sourcecode.cpp.cpp; path = renderer_ref.cpp; sourceTree = "<group>"; };
		79F856CD1B63A2CD009A56FC /* renderer_ref.h */ = {isa = PBXFileReference; fileEncoding = 4; lastKnownFileType = sourcecode.c.h; path = renderer_ref.h; sourceTree = "<group>"; };
		79F856CE1B63A2CD009A56FC /* renderer_writelock.cpp */ = {isa = PBXFileReference; fileEncoding = 4; lastKnownFileType = sourcecode.cpp.cpp; path = renderer_writelock.cpp; sourceTree = "<group>"; };
		79F856CF1B63A2CD009A56FC /* renderer_writelock.h */ = {isa = PBXFileReference; fileEncoding = 4; lastKnownFileType = sourcecode.c.h; path = renderer_writelock.h; sourceTree = "<group>"; };
		79F856D01B63A2CD009A56FC /* renderers.h */ = {isa = PBXFileReference; fileEncoding = 4; lastKnownFileType = sourcecode.c.h; path = renderers.h; sourceTree = "<group>"; };
		79F856D51B63A377009A56FC /* gfxs.h */ = {isa = PBXFileReference; fileEncoding = 4; lastKnownFileType = sourcecode.c.h; path = gfxs.h; sourceTree = "<group>"; };
		79F856D61B63A5BF009A56FC /* renderer_task.cpp */ = {isa = PBXFileReference; fileEncoding = 4; lastKnownFileType = sourcecode.cpp.cpp; path = renderer_task.cpp; sourceTree = "<group>"; };
		79F856D71B63A5BF009A56FC /* renderer_task.h */ = {isa = PBXFileReference; fileEncoding = 4; lastKnownFileType = sourcecode.c.h; path = renderer_task.h; sourceTree = "<group>"; };
/* End PBXFileReference section */

/* Begin PBXFrameworksBuildPhase section */
		798093051B632AFB00386578 /* Frameworks */ = {
			isa = PBXFrameworksBuildPhase;
			buildActionMask = 2147483647;
			files = (
				79A7A2BE1B63E58C00BCB62E /* OpenGL.framework in Frameworks */,
			);
			runOnlyForDeploymentPostprocessing = 0;
		};
/* End PBXFrameworksBuildPhase section */

/* Begin PBXGroup section */
		798092FF1B632AFB00386578 = {
			isa = PBXGroup;
			children = (
				79A7A2BD1B63E58C00BCB62E /* OpenGL.framework */,
				7980930A1B632AFB00386578 /* dragonpoop_prealpha2 */,
				798093091B632AFB00386578 /* Products */,
			);
			sourceTree = "<group>";
		};
		798093091B632AFB00386578 /* Products */ = {
			isa = PBXGroup;
			children = (
				798093081B632AFB00386578 /* dragonpoop_prealpha2 */,
			);
			name = Products;
			sourceTree = "<group>";
		};
		7980930A1B632AFB00386578 /* dragonpoop_prealpha2 */ = {
			isa = PBXGroup;
			children = (
				79F8563F1B639989009A56FC /* dragonpoop */,
				7980930B1B632AFB00386578 /* main.cpp */,
			);
			path = dragonpoop_prealpha2;
			sourceTree = "<group>";
		};
		79A7A2AF1B63CCAD00BCB62E /* openglx_1o5_renderer */ = {
			isa = PBXGroup;
			children = (
				79A7A2B01B63CCAD00BCB62E /* openglx_1o5_renderer.cpp */,
				79A7A2B11B63CCAD00BCB62E /* openglx_1o5_renderer.h */,
				79A7A2B21B63CCAD00BCB62E /* openglx_1o5_renderer_readlock.cpp */,
				79A7A2B31B63CCAD00BCB62E /* openglx_1o5_renderer_readlock.h */,
				79A7A2B41B63CCAD00BCB62E /* openglx_1o5_renderer_ref.cpp */,
				79A7A2B51B63CCAD00BCB62E /* openglx_1o5_renderer_ref.h */,
				79A7A2B61B63CCAD00BCB62E /* openglx_1o5_renderer_writelock.cpp */,
				79A7A2B71B63CCAD00BCB62E /* openglx_1o5_renderer_writelock.h */,
				79A7A2B81B63CCAD00BCB62E /* openglx_1o5_renderers.h */,
			);
			path = openglx_1o5_renderer;
			sourceTree = "<group>";
		};
		79A7A2BF1B63E93100BCB62E /* dpbitmap */ = {
			isa = PBXGroup;
			children = (
				79A7A2C01B63E93100BCB62E /* dpbitmap.cpp */,
				79A7A2C11B63E93100BCB62E /* dpbitmap.h */,
				79A7A2C21B63E93100BCB62E /* dpbitmap_bitmap_loader.cpp */,
				79A7A2C31B63E93100BCB62E /* dpbitmap_bitmap_loader.h */,
				79A7A2C41B63E93100BCB62E /* dpbitmaps.h */,
			);
			path = dpbitmap;
			sourceTree = "<group>";
		};
		79A7A2C51B63E93100BCB62E /* dpmatrix */ = {
			isa = PBXGroup;
			children = (
				79A7A2C61B63E93100BCB62E /* dpmatrix.cpp */,
				79A7A2C71B63E93100BCB62E /* dpmatrix.h */,
				79A7A2C81B63E93100BCB62E /* dpmatrixes.h */,
			);
			path = dpmatrix;
			sourceTree = "<group>";
		};
		79A7A2C91B63E93100BCB62E /* dpvertex */ = {
			isa = PBXGroup;
			children = (
				79A7A2CA1B63E93100BCB62E /* dpindex.h */,
				79A7A2CB1B63E93100BCB62E /* dpindex_buffer.cpp */,
				79A7A2CC1B63E93100BCB62E /* dpindex_buffer.h */,
				79A7A2CD1B63E93100BCB62E /* dpindex_f.h */,
				79A7A2CE1B63E93100BCB62E /* dprgb_f.h */,
				79A7A2CF1B63E93100BCB62E /* dprgba.h */,
				79A7A2D01B63E93100BCB62E /* dprgba_f.h */,
				79A7A2D11B63E93100BCB62E /* dpst.h */,
				79A7A2D21B63E93100BCB62E /* dpst_f.h */,
				79A7A2D31B63E93100BCB62E /* dpvertex.cpp */,
				79A7A2D41B63E93100BCB62E /* dpvertex.h */,
				79A7A2D51B63E93100BCB62E /* dpvertex_buffer.cpp */,
				79A7A2D61B63E93100BCB62E /* dpvertex_buffer.h */,
				79A7A2D71B63E93100BCB62E /* dpvertex_buffer_indextree.cpp */,
				79A7A2D81B63E93100BCB62E /* dpvertex_buffer_indextree.h */,
				79A7A2D91B63E93100BCB62E /* dpvertexes.h */,
				79A7A2DA1B63E93100BCB62E /* dpvertexindex_buffer.cpp */,
				79A7A2DB1B63E93100BCB62E /* dpvertexindex_buffer.h */,
				79A7A2DC1B63E93100BCB62E /* dpxyz_f.h */,
				79A7A2DD1B63E93100BCB62E /* dpxyzw.h */,
				79A7A2DE1B63E93100BCB62E /* dpxyzw_f.h */,
			);
			path = dpvertex;
			sourceTree = "<group>";
		};
		79A7A2E71B63F5CE00BCB62E /* model */ = {
			isa = PBXGroup;
			children = (
				79A7A2EA1B63F5CE00BCB62E /* model_component */,
				79A7A2E81B63F5CE00BCB62E /* model.cpp */,
				79A7A2E91B63F5CE00BCB62E /* model.h */,
				79A7A2FB1B6402A900BCB62E /* model_task.cpp */,
				79A7A2FC1B6402A900BCB62E /* model_task.h */,
				79A7A2EF1B63F5CE00BCB62E /* model_readlock.cpp */,
				79A7A2F01B63F5CE00BCB62E /* model_readlock.h */,
				79A7A2F11B63F5CE00BCB62E /* model_ref.cpp */,
				79A7A2F21B63F5CE00BCB62E /* model_ref.h */,
				79A7A2F31B63F5CE00BCB62E /* model_writelock.cpp */,
				79A7A2F41B63F5CE00BCB62E /* model_writelock.h */,
				79A7A2F51B63F5CE00BCB62E /* models.h */,
			);
			path = model;
			sourceTree = "<group>";
		};
		79A7A2EA1B63F5CE00BCB62E /* model_component */ = {
			isa = PBXGroup;
			children = (
				79A7A2EB1B63F5CE00BCB62E /* model_component.cpp */,
				79A7A2EC1B63F5CE00BCB62E /* model_component.h */,
				79A7A2ED1B63F5CE00BCB62E /* model_component_types.h */,
				79A7A2EE1B63F5CE00BCB62E /* model_components.h */,
			);
			path = model_component;
			sourceTree = "<group>";
		};
		79F8563F1B639989009A56FC /* dragonpoop */ = {
			isa = PBXGroup;
			children = (
				79F856C71B63A2CD009A56FC /* renderer */,
				79F856B61B63A2C4009A56FC /* gfx */,
				79F856401B639989009A56FC /* core */,
				79F856941B639989009A56FC /* dragonpoop.h */,
				79F856951B639989009A56FC /* os_define.h */,
			);
			path = dragonpoop;
			sourceTree = "<group>";
		};
		79F856401B639989009A56FC /* core */ = {
			isa = PBXGroup;
			children = (
				79F856411B639989009A56FC /* bytetree */,
				79F8564B1B639989009A56FC /* core.cpp */,
				79F8564C1B639989009A56FC /* core.h */,
				79F8564D1B639989009A56FC /* cores.h */,
				79F8564E1B639989009A56FC /* dpid */,
				79F856521B639989009A56FC /* dpmutex */,
				79F856601B639989009A56FC /* dpspinlock */,
				79F856641B639989009A56FC /* dptask */,
				79F856701B639989009A56FC /* dptaskpool */,
				79F8567A1B639989009A56FC /* dpthread */,
				79F856821B639989009A56FC /* shared_obj */,
			);
			path = core;
			sourceTree = "<group>";
		};
		79F856411B639989009A56FC /* bytetree */ = {
			isa = PBXGroup;
			children = (
				79F856421B639989009A56FC /* bytetree.cpp */,
				79F856431B639989009A56FC /* bytetree.h */,
				79F856441B639989009A56FC /* bytetrees.h */,
				79F856451B639989009A56FC /* dpid_bytetree.cpp */,
				79F856461B639989009A56FC /* dpid_bytetree.h */,
				79F856471B639989009A56FC /* dpid_multibytetree.cpp */,
				79F856481B639989009A56FC /* dpid_multibytetree.h */,
				79F856491B639989009A56FC /* multibytetree.cpp */,
				79F8564A1B639989009A56FC /* multibytetree.h */,
			);
			path = bytetree;
			sourceTree = "<group>";
		};
		79F8564E1B639989009A56FC /* dpid */ = {
			isa = PBXGroup;
			children = (
				79F8564F1B639989009A56FC /* dpid.cpp */,
				79F856501B639989009A56FC /* dpid.h */,
				79F856511B639989009A56FC /* dpids.h */,
			);
			path = dpid;
			sourceTree = "<group>";
		};
		79F856521B639989009A56FC /* dpmutex */ = {
			isa = PBXGroup;
			children = (
				79F856531B639989009A56FC /* dpmutex.cpp */,
				79F856541B639989009A56FC /* dpmutex.h */,
				79F856551B639989009A56FC /* dpmutex_listing.h */,
				79F856561B639989009A56FC /* dpmutex_lock.cpp */,
				79F856571B639989009A56FC /* dpmutex_lock.h */,
				79F856581B639989009A56FC /* dpmutex_lock_listing.h */,
				79F856591B639989009A56FC /* dpmutex_master.cpp */,
				79F8565A1B639989009A56FC /* dpmutex_master.h */,
				79F8565B1B639989009A56FC /* dpmutex_readlock.cpp */,
				79F8565C1B639989009A56FC /* dpmutex_readlock.h */,
				79F8565D1B639989009A56FC /* dpmutex_writelock.cpp */,
				79F8565E1B639989009A56FC /* dpmutex_writelock.h */,
				79F8565F1B639989009A56FC /* dpmutexes.h */,
			);
			path = dpmutex;
			sourceTree = "<group>";
		};
		79F856601B639989009A56FC /* dpspinlock */ = {
			isa = PBXGroup;
			children = (
				79F856611B639989009A56FC /* dpsponlock.cpp */,
				79F856621B639989009A56FC /* dpsponlock.h */,
				79F856631B639989009A56FC /* dpsponlocks.h */,
			);
			path = dpspinlock;
			sourceTree = "<group>";
		};
		79F856641B639989009A56FC /* dptask */ = {
			isa = PBXGroup;
			children = (
				79F856651B639989009A56FC /* dptask.cpp */,
				79F856661B639989009A56FC /* dptask.h */,
				79F856671B639989009A56FC /* dptask_owner.cpp */,
				79F856681B639989009A56FC /* dptask_owner.h */,
				79F856691B639989009A56FC /* dptask_readlock.cpp */,
				79F8566A1B639989009A56FC /* dptask_readlock.h */,
				79F8566B1B639989009A56FC /* dptask_ref.cpp */,
				79F8566C1B639989009A56FC /* dptask_ref.h */,
				79F8566D1B639989009A56FC /* dptask_writelock.cpp */,
				79F8566E1B639989009A56FC /* dptask_writelock.h */,
				79F8566F1B639989009A56FC /* dptasks.h */,
			);
			path = dptask;
			sourceTree = "<group>";
		};
		79F856701B639989009A56FC /* dptaskpool */ = {
			isa = PBXGroup;
			children = (
				79F856711B639989009A56FC /* dptaskpool.cpp */,
				79F856721B639989009A56FC /* dptaskpool.h */,
				79F856731B639989009A56FC /* dptaskpool_readlock.cpp */,
				79F856741B639989009A56FC /* dptaskpool_readlock.h */,
				79F856751B639989009A56FC /* dptaskpool_ref.cpp */,
				79F856761B639989009A56FC /* dptaskpool_ref.h */,
				79F856771B639989009A56FC /* dptaskpool_writelock.cpp */,
				79F856781B639989009A56FC /* dptaskpool_writelock.h */,
				79F856791B639989009A56FC /* dptaskpools.h */,
			);
			path = dptaskpool;
			sourceTree = "<group>";
		};
		79F8567A1B639989009A56FC /* dpthread */ = {
			isa = PBXGroup;
			children = (
				79F8567B1B639989009A56FC /* dpthread.cpp */,
				79F8567C1B639989009A56FC /* dpthread.h */,
				79F8567D1B639989009A56FC /* dpthread_interface.cpp */,
				79F8567E1B639989009A56FC /* dpthread_interface.h */,
				79F8567F1B639989009A56FC /* dpthread_lock.cpp */,
				79F856801B639989009A56FC /* dpthread_lock.h */,
				79F856811B639989009A56FC /* dpthreads.h */,
			);
			path = dpthread;
			sourceTree = "<group>";
		};
		79F856821B639989009A56FC /* shared_obj */ = {
			isa = PBXGroup;
			children = (
				79F856831B639989009A56FC /* shared_obj.cpp */,
				79F856841B639989009A56FC /* shared_obj.h */,
				79F856851B639989009A56FC /* shared_obj_guard.cpp */,
				79F856861B639989009A56FC /* shared_obj_guard.h */,
				79F856871B639989009A56FC /* shared_obj_interface.cpp */,
				79F856881B639989009A56FC /* shared_obj_interface.h */,
				79F856891B639989009A56FC /* shared_obj_lock.cpp */,
				79F8568A1B639989009A56FC /* shared_obj_lock.h */,
				79F8568B1B639989009A56FC /* shared_obj_readlock.cpp */,
				79F8568C1B639989009A56FC /* shared_obj_readlock.h */,
				79F8568D1B639989009A56FC /* shared_obj_ref.cpp */,
				79F8568E1B639989009A56FC /* shared_obj_ref.h */,
				79F8568F1B639989009A56FC /* shared_obj_refkernal.cpp */,
				79F856901B639989009A56FC /* shared_obj_refkernal.h */,
				79F856911B639989009A56FC /* shared_obj_writelock.cpp */,
				79F856921B639989009A56FC /* shared_obj_writelock.h */,
				79F856931B639989009A56FC /* shared_objs.h */,
			);
			path = shared_obj;
			sourceTree = "<group>";
		};
		79F856B61B63A2C4009A56FC /* gfx */ = {
			isa = PBXGroup;
			children = (
				79A7A2E71B63F5CE00BCB62E /* model */,
				79A7A2BF1B63E93100BCB62E /* dpbitmap */,
				79A7A2C51B63E93100BCB62E /* dpmatrix */,
				79A7A2C91B63E93100BCB62E /* dpvertex */,
				79F856B71B63A2C4009A56FC /* gfx.cpp */,
				79F856B81B63A2C4009A56FC /* gfx.h */,
				79F856B91B63A2C4009A56FC /* gfx_readlock.cpp */,
				79F856BA1B63A2C4009A56FC /* gfx_readlock.h */,
				79F856BB1B63A2C4009A56FC /* gfx_ref.cpp */,
				79F856BC1B63A2C4009A56FC /* gfx_ref.h */,
				79F856BD1B63A2C4009A56FC /* gfx_task.cpp */,
				79F856BE1B63A2C4009A56FC /* gfx_task.h */,
				79F856BF1B63A2C4009A56FC /* gfx_writelock.cpp */,
				79F856C01B63A2C4009A56FC /* gfx_writelock.h */,
				79F856D51B63A377009A56FC /* gfxs.h */,
			);
			path = gfx;
			sourceTree = "<group>";
		};
		79F856C71B63A2CD009A56FC /* renderer */ = {
			isa = PBXGroup;
			children = (
				79A7A2AF1B63CCAD00BCB62E /* openglx_1o5_renderer */,
				79F856C81B63A2CD009A56FC /* renderer.cpp */,
				79F856C91B63A2CD009A56FC /* renderer.h */,
				79F856CA1B63A2CD009A56FC /* renderer_readlock.cpp */,
				79F856CB1B63A2CD009A56FC /* renderer_readlock.h */,
				79F856CC1B63A2CD009A56FC /* renderer_ref.cpp */,
				79F856CD1B63A2CD009A56FC /* renderer_ref.h */,
				79F856CE1B63A2CD009A56FC /* renderer_writelock.cpp */,
				79F856CF1B63A2CD009A56FC /* renderer_writelock.h */,
				79F856D61B63A5BF009A56FC /* renderer_task.cpp */,
				79F856D71B63A5BF009A56FC /* renderer_task.h */,
				79F856D01B63A2CD009A56FC /* renderers.h */,
			);
			path = renderer;
			sourceTree = "<group>";
		};
/* End PBXGroup section */

/* Begin PBXNativeTarget section */
		798093071B632AFB00386578 /* dragonpoop_prealpha2 */ = {
			isa = PBXNativeTarget;
			buildConfigurationList = 7980930F1B632AFB00386578 /* Build configuration list for PBXNativeTarget "dragonpoop_prealpha2" */;
			buildPhases = (
				798093041B632AFB00386578 /* Sources */,
				798093051B632AFB00386578 /* Frameworks */,
				798093061B632AFB00386578 /* CopyFiles */,
			);
			buildRules = (
			);
			dependencies = (
			);
			name = dragonpoop_prealpha2;
			productName = dragonpoop_prealpha2;
			productReference = 798093081B632AFB00386578 /* dragonpoop_prealpha2 */;
			productType = "com.apple.product-type.tool";
		};
/* End PBXNativeTarget section */

/* Begin PBXProject section */
		798093001B632AFB00386578 /* Project object */ = {
			isa = PBXProject;
			attributes = {
				LastUpgradeCheck = 0610;
				ORGANIZATIONNAME = dragonpoop;
				TargetAttributes = {
					798093071B632AFB00386578 = {
						CreatedOnToolsVersion = 6.1;
					};
				};
			};
			buildConfigurationList = 798093031B632AFB00386578 /* Build configuration list for PBXProject "dragonpoop_prealpha2" */;
			compatibilityVersion = "Xcode 3.2";
			developmentRegion = English;
			hasScannedForEncodings = 0;
			knownRegions = (
				en,
			);
			mainGroup = 798092FF1B632AFB00386578;
			productRefGroup = 798093091B632AFB00386578 /* Products */;
			projectDirPath = "";
			projectRoot = "";
			targets = (
				798093071B632AFB00386578 /* dragonpoop_prealpha2 */,
			);
		};
/* End PBXProject section */

/* Begin PBXSourcesBuildPhase section */
		798093041B632AFB00386578 /* Sources */ = {
			isa = PBXSourcesBuildPhase;
			buildActionMask = 2147483647;
			files = (
				79A7A2F91B63F5CE00BCB62E /* model_ref.cpp in Sources */,
				79F856A71B639989009A56FC /* dptaskpool.cpp in Sources */,
				79F856AB1B639989009A56FC /* dpthread.cpp in Sources */,
				79A7A2E51B63E93100BCB62E /* dpvertex_buffer_indextree.cpp in Sources */,
				79F8569F1B639989009A56FC /* dpmutex_readlock.cpp in Sources */,
				79F856B21B639989009A56FC /* shared_obj_readlock.cpp in Sources */,
				79F856B51B639989009A56FC /* shared_obj_writelock.cpp in Sources */,
				79F856AC1B639989009A56FC /* dpthread_interface.cpp in Sources */,
				79F856AE1B639989009A56FC /* shared_obj.cpp in Sources */,
				79A7A2F81B63F5CE00BCB62E /* model_readlock.cpp in Sources */,
				79F856D41B63A2CD009A56FC /* renderer_writelock.cpp in Sources */,
				79F856AF1B639989009A56FC /* shared_obj_guard.cpp in Sources */,
				79A7A2E21B63E93100BCB62E /* dpindex_buffer.cpp in Sources */,
				79A7A2E01B63E93100BCB62E /* dpbitmap_bitmap_loader.cpp in Sources */,
				79F856A61B639989009A56FC /* dptask_writelock.cpp in Sources */,
				79F856C31B63A2C4009A56FC /* gfx_readlock.cpp in Sources */,
				79A7A2E61B63E93100BCB62E /* dpvertexindex_buffer.cpp in Sources */,
				79A7A2BA1B63CCAD00BCB62E /* openglx_1o5_renderer_readlock.cpp in Sources */,
				7980930C1B632AFB00386578 /* main.cpp in Sources */,
				79F856A21B639989009A56FC /* dptask.cpp in Sources */,
				79F856C51B63A2C4009A56FC /* gfx_task.cpp in Sources */,
				79F856A81B639989009A56FC /* dptaskpool_readlock.cpp in Sources */,
				79F856AD1B639989009A56FC /* dpthread_lock.cpp in Sources */,
				79F8569D1B639989009A56FC /* dpmutex_lock.cpp in Sources */,
				79F856D31B63A2CD009A56FC /* renderer_ref.cpp in Sources */,
				79F856A51B639989009A56FC /* dptask_ref.cpp in Sources */,
				79F856D21B63A2CD009A56FC /* renderer_readlock.cpp in Sources */,
				79F856961B639989009A56FC /* bytetree.cpp in Sources */,
				79F856C61B63A2C4009A56FC /* gfx_writelock.cpp in Sources */,
				79F856D11B63A2CD009A56FC /* renderer.cpp in Sources */,
				79F856C41B63A2C4009A56FC /* gfx_ref.cpp in Sources */,
				79A7A2E11B63E93100BCB62E /* dpmatrix.cpp in Sources */,
				79F8569E1B639989009A56FC /* dpmutex_master.cpp in Sources */,
				79F856B31B639989009A56FC /* shared_obj_ref.cpp in Sources */,
				79F8569B1B639989009A56FC /* dpid.cpp in Sources */,
				79F856A91B639989009A56FC /* dptaskpool_ref.cpp in Sources */,
				79A7A2FA1B63F5CE00BCB62E /* model_writelock.cpp in Sources */,
				79A7A2E41B63E93100BCB62E /* dpvertex_buffer.cpp in Sources */,
				79F856B41B639989009A56FC /* shared_obj_refkernal.cpp in Sources */,
				79A7A2DF1B63E93100BCB62E /* dpbitmap.cpp in Sources */,
				79F856C21B63A2C4009A56FC /* gfx.cpp in Sources */,
				79A7A2BC1B63CCAD00BCB62E /* openglx_1o5_renderer_writelock.cpp in Sources */,
				79A7A2F71B63F5CE00BCB62E /* model_component.cpp in Sources */,
				79F8569C1B639989009A56FC /* dpmutex.cpp in Sources */,
				79F8569A1B639989009A56FC /* core.cpp in Sources */,
				79F856A01B639989009A56FC /* dpmutex_writelock.cpp in Sources */,
				79A7A2E31B63E93100BCB62E /* dpvertex.cpp in Sources */,
				79A7A2F61B63F5CE00BCB62E /* model.cpp in Sources */,
				79F856D81B63A5BF009A56FC /* renderer_task.cpp in Sources */,
				79F856A11B639989009A56FC /* dpsponlock.cpp in Sources */,
				79F856B11B639989009A56FC /* shared_obj_lock.cpp in Sources */,
				79F856981B639989009A56FC /* dpid_multibytetree.cpp in Sources */,
				79A7A2BB1B63CCAD00BCB62E /* openglx_1o5_renderer_ref.cpp in Sources */,
				79F856991B639989009A56FC /* multibytetree.cpp in Sources */,
				79F856A31B639989009A56FC /* dptask_owner.cpp in Sources */,
				79F856971B639989009A56FC /* dpid_bytetree.cpp in Sources */,
				79A7A2B91B63CCAD00BCB62E /* openglx_1o5_renderer.cpp in Sources */,
				79F856A41B639989009A56FC /* dptask_readlock.cpp in Sources */,
				79A7A2FD1B6402A900BCB62E /* model_task.cpp in Sources */,
				79F856B01B639989009A56FC /* shared_obj_interface.cpp in Sources */,
				79F856AA1B639989009A56FC /* dptaskpool_writelock.cpp in Sources */,
			);
			runOnlyForDeploymentPostprocessing = 0;
		};
/* End PBXSourcesBuildPhase section */

/* Begin XCBuildConfiguration section */
		7980930D1B632AFB00386578 /* Debug */ = {
			isa = XCBuildConfiguration;
			buildSettings = {
				ALWAYS_SEARCH_USER_PATHS = NO;
				CLANG_CXX_LANGUAGE_STANDARD = "gnu++0x";
				CLANG_CXX_LIBRARY = "libc++";
				CLANG_ENABLE_MODULES = YES;
				CLANG_ENABLE_OBJC_ARC = YES;
				CLANG_WARN_BOOL_CONVERSION = YES;
				CLANG_WARN_CONSTANT_CONVERSION = YES;
				CLANG_WARN_DIRECT_OBJC_ISA_USAGE = YES_ERROR;
				CLANG_WARN_EMPTY_BODY = YES;
				CLANG_WARN_ENUM_CONVERSION = YES;
				CLANG_WARN_INT_CONVERSION = YES;
				CLANG_WARN_OBJC_ROOT_CLASS = YES_ERROR;
				CLANG_WARN_UNREACHABLE_CODE = YES;
				CLANG_WARN__DUPLICATE_METHOD_MATCH = YES;
				COPY_PHASE_STRIP = NO;
				ENABLE_STRICT_OBJC_MSGSEND = YES;
				GCC_C_LANGUAGE_STANDARD = gnu99;
				GCC_DYNAMIC_NO_PIC = NO;
				GCC_OPTIMIZATION_LEVEL = 0;
				GCC_PREPROCESSOR_DEFINITIONS = (
					"DEBUG=1",
					"$(inherited)",
				);
				GCC_SYMBOLS_PRIVATE_EXTERN = NO;
				GCC_WARN_64_TO_32_BIT_CONVERSION = YES;
				GCC_WARN_ABOUT_RETURN_TYPE = YES_ERROR;
				GCC_WARN_UNDECLARED_SELECTOR = YES;
				GCC_WARN_UNINITIALIZED_AUTOS = YES_AGGRESSIVE;
				GCC_WARN_UNUSED_FUNCTION = YES;
				GCC_WARN_UNUSED_VARIABLE = YES;
				MACOSX_DEPLOYMENT_TARGET = 10.10;
				MTL_ENABLE_DEBUG_INFO = YES;
				ONLY_ACTIVE_ARCH = YES;
				SDKROOT = macosx;
			};
			name = Debug;
		};
		7980930E1B632AFB00386578 /* Release */ = {
			isa = XCBuildConfiguration;
			buildSettings = {
				ALWAYS_SEARCH_USER_PATHS = NO;
				CLANG_CXX_LANGUAGE_STANDARD = "gnu++0x";
				CLANG_CXX_LIBRARY = "libc++";
				CLANG_ENABLE_MODULES = YES;
				CLANG_ENABLE_OBJC_ARC = YES;
				CLANG_WARN_BOOL_CONVERSION = YES;
				CLANG_WARN_CONSTANT_CONVERSION = YES;
				CLANG_WARN_DIRECT_OBJC_ISA_USAGE = YES_ERROR;
				CLANG_WARN_EMPTY_BODY = YES;
				CLANG_WARN_ENUM_CONVERSION = YES;
				CLANG_WARN_INT_CONVERSION = YES;
				CLANG_WARN_OBJC_ROOT_CLASS = YES_ERROR;
				CLANG_WARN_UNREACHABLE_CODE = YES;
				CLANG_WARN__DUPLICATE_METHOD_MATCH = YES;
				COPY_PHASE_STRIP = YES;
				DEBUG_INFORMATION_FORMAT = "dwarf-with-dsym";
				ENABLE_NS_ASSERTIONS = NO;
				ENABLE_STRICT_OBJC_MSGSEND = YES;
				GCC_C_LANGUAGE_STANDARD = gnu99;
				GCC_WARN_64_TO_32_BIT_CONVERSION = YES;
				GCC_WARN_ABOUT_RETURN_TYPE = YES_ERROR;
				GCC_WARN_UNDECLARED_SELECTOR = YES;
				GCC_WARN_UNINITIALIZED_AUTOS = YES_AGGRESSIVE;
				GCC_WARN_UNUSED_FUNCTION = YES;
				GCC_WARN_UNUSED_VARIABLE = YES;
				MACOSX_DEPLOYMENT_TARGET = 10.10;
				MTL_ENABLE_DEBUG_INFO = NO;
				SDKROOT = macosx;
			};
			name = Release;
		};
		798093101B632AFB00386578 /* Debug */ = {
			isa = XCBuildConfiguration;
			buildSettings = {
				FRAMEWORK_SEARCH_PATHS = (
					"$(inherited)",
					"$(PROJECT_DIR)/dragonpoop_prealpha2",
				);
				"HEADER_SEARCH_PATHS[arch=*]" = /opt/X11/include;
				"LIBRARY_SEARCH_PATHS[arch=*]" = /opt/X11/lib;
				"OTHER_LDFLAGS[arch=*]" = (
					"-I/opt/X11/include",
					"-L/opt/X11/lib",
					"-lX11",
					"-lGL",
				);
				"PRELINK_LIBS[arch=*]" = "";
				PRODUCT_NAME = "$(TARGET_NAME)";
			};
			name = Debug;
		};
		798093111B632AFB00386578 /* Release */ = {
			isa = XCBuildConfiguration;
			buildSettings = {
				FRAMEWORK_SEARCH_PATHS = (
					"$(inherited)",
					"$(PROJECT_DIR)/dragonpoop_prealpha2",
				);
				"OTHER_LDFLAGS[arch=*]" = (
					"-I/opt/X11/include",
					"-L/opt/X11/lib",
					"-lX11",
					"-lGL",
				);
				PRODUCT_NAME = "$(TARGET_NAME)";
			};
			name = Release;
		};
/* End XCBuildConfiguration section */

/* Begin XCConfigurationList section */
		798093031B632AFB00386578 /* Build configuration list for PBXProject "dragonpoop_prealpha2" */ = {
			isa = XCConfigurationList;
			buildConfigurations = (
				7980930D1B632AFB00386578 /* Debug */,
				7980930E1B632AFB00386578 /* Release */,
			);
			defaultConfigurationIsVisible = 0;
			defaultConfigurationName = Release;
		};
		7980930F1B632AFB00386578 /* Build configuration list for PBXNativeTarget "dragonpoop_prealpha2" */ = {
			isa = XCConfigurationList;
			buildConfigurations = (
				798093101B632AFB00386578 /* Debug */,
				798093111B632AFB00386578 /* Release */,
			);
			defaultConfigurationIsVisible = 0;
			defaultConfigurationName = Release;
		};
/* End XCConfigurationList section */
	};
	rootObject = 798093001B632AFB00386578 /* Project object */;
}
