// !$*UTF8*$!
{
	archiveVersion = 1;
	classes = {
	};
	objectVersion = 46;
	objects = {

/* Begin PBXBuildFile section */
		7980930C1B632AFB00386578 /* main.cpp in Sources */ = {isa = PBXBuildFile; fileRef = 7980930B1B632AFB00386578 /* main.cpp */; };
/* End PBXBuildFile section */

/* Begin PBXCopyFilesBuildPhase section */
		798093061B632AFB00386578 /* CopyFiles */ = {
			isa = PBXCopyFilesBuildPhase;
			buildActionMask = 2147483647;
			dstPath = /usr/share/man/man1/;
			dstSubfolderSpec = 0;
			files = (
			);
			runOnlyForDeploymentPostprocessing = 1;
		};
/* End PBXCopyFilesBuildPhase section */

/* Begin PBXFileReference section */
		798093081B632AFB00386578 /* dragonpoop_prealpha2 */ = {isa = PBXFileReference; explicitFileType = "compiled.mach-o.executable"; includeInIndex = 0; path = dragonpoop_prealpha2; sourceTree = BUILT_PRODUCTS_DIR; };
		7980930B1B632AFB00386578 /* main.cpp */ = {isa = PBXFileReference; lastKnownFileType = sourcecode.cpp.cpp; path = main.cpp; sourceTree = "<group>"; };
/* End PBXFileReference section */

/* Begin PBXFrameworksBuildPhase section */
		798093051B632AFB00386578 /* Frameworks */ = {
			isa = PBXFrameworksBuildPhase;
			buildActionMask = 2147483647;
			files = (
			);
			runOnlyForDeploymentPostprocessing = 0;
		};
/* End PBXFrameworksBuildPhase section */

/* Begin PBXGroup section */
		798092FF1B632AFB00386578 = {
			isa = PBXGroup;
			children = (
				7980930A1B632AFB00386578 /* dragonpoop_prealpha2 */,
				798093091B632AFB00386578 /* Products */,
			);
			sourceTree = "<group>";
		};
		798093091B632AFB00386578 /* Products */ = {
			isa = PBXGroup;
			children = (
				798093081B632AFB00386578 /* dragonpoop_prealpha2 */,
			);
			name = Products;
			sourceTree = "<group>";
		};
		7980930A1B632AFB00386578 /* dragonpoop_prealpha2 */ = {
			isa = PBXGroup;
			children = (
				7980930B1B632AFB00386578 /* main.cpp */,
			);
			path = dragonpoop_prealpha2;
			sourceTree = "<group>";
		};
/* End PBXGroup section */

/* Begin PBXNativeTarget section */
		798093071B632AFB00386578 /* dragonpoop_prealpha2 */ = {
			isa = PBXNativeTarget;
			buildConfigurationList = 7980930F1B632AFB00386578 /* Build configuration list for PBXNativeTarget "dragonpoop_prealpha2" */;
			buildPhases = (
				798093041B632AFB00386578 /* Sources */,
				798093051B632AFB00386578 /* Frameworks */,
				798093061B632AFB00386578 /* CopyFiles */,
			);
			buildRules = (
			);
			dependencies = (
			);
			name = dragonpoop_prealpha2;
			productName = dragonpoop_prealpha2;
			productReference = 798093081B632AFB00386578 /* dragonpoop_prealpha2 */;
			productType = "com.apple.product-type.tool";
		};
/* End PBXNativeTarget section */

/* Begin PBXProject section */
		798093001B632AFB00386578 /* Project object */ = {
			isa = PBXProject;
			attributes = {
				LastUpgradeCheck = 0610;
				ORGANIZATIONNAME = dragonpoop;
				TargetAttributes = {
					798093071B632AFB00386578 = {
						CreatedOnToolsVersion = 6.1;
					};
				};
			};
			buildConfigurationList = 798093031B632AFB00386578 /* Build configuration list for PBXProject "dragonpoop_prealpha2" */;
			compatibilityVersion = "Xcode 3.2";
			developmentRegion = English;
			hasScannedForEncodings = 0;
			knownRegions = (
				en,
			);
			mainGroup = 798092FF1B632AFB00386578;
			productRefGroup = 798093091B632AFB00386578 /* Products */;
			projectDirPath = "";
			projectRoot = "";
			targets = (
				798093071B632AFB00386578 /* dragonpoop_prealpha2 */,
			);
		};
/* End PBXProject section */

/* Begin PBXSourcesBuildPhase section */
		798093041B632AFB00386578 /* Sources */ = {
			isa = PBXSourcesBuildPhase;
			buildActionMask = 2147483647;
			files = (
				7980930C1B632AFB00386578 /* main.cpp in Sources */,
			);
			runOnlyForDeploymentPostprocessing = 0;
		};
/* End PBXSourcesBuildPhase section */

/* Begin XCBuildConfiguration section */
		7980930D1B632AFB00386578 /* Debug */ = {
			isa = XCBuildConfiguration;
			buildSettings = {
				ALWAYS_SEARCH_USER_PATHS = NO;
				CLANG_CXX_LANGUAGE_STANDARD = "gnu++0x";
				CLANG_CXX_LIBRARY = "libc++";
				CLANG_ENABLE_MODULES = YES;
				CLANG_ENABLE_OBJC_ARC = YES;
				CLANG_WARN_BOOL_CONVERSION = YES;
				CLANG_WARN_CONSTANT_CONVERSION = YES;
				CLANG_WARN_DIRECT_OBJC_ISA_USAGE = YES_ERROR;
				CLANG_WARN_EMPTY_BODY = YES;
				CLANG_WARN_ENUM_CONVERSION = YES;
				CLANG_WARN_INT_CONVERSION = YES;
				CLANG_WARN_OBJC_ROOT_CLASS = YES_ERROR;
				CLANG_WARN_UNREACHABLE_CODE = YES;
				CLANG_WARN__DUPLICATE_METHOD_MATCH = YES;
				COPY_PHASE_STRIP = NO;
				ENABLE_STRICT_OBJC_MSGSEND = YES;
				GCC_C_LANGUAGE_STANDARD = gnu99;
				GCC_DYNAMIC_NO_PIC = NO;
				GCC_OPTIMIZATION_LEVEL = 0;
				GCC_PREPROCESSOR_DEFINITIONS = (
					"DEBUG=1",
					"$(inherited)",
				);
				GCC_SYMBOLS_PRIVATE_EXTERN = NO;
				GCC_WARN_64_TO_32_BIT_CONVERSION = YES;
				GCC_WARN_ABOUT_RETURN_TYPE = YES_ERROR;
				GCC_WARN_UNDECLARED_SELECTOR = YES;
				GCC_WARN_UNINITIALIZED_AUTOS = YES_AGGRESSIVE;
				GCC_WARN_UNUSED_FUNCTION = YES;
				GCC_WARN_UNUSED_VARIABLE = YES;
				MACOSX_DEPLOYMENT_TARGET = 10.10;
				MTL_ENABLE_DEBUG_INFO = YES;
				ONLY_ACTIVE_ARCH = YES;
				SDKROOT = macosx;
			};
			name = Debug;
		};
		7980930E1B632AFB00386578 /* Release */ = {
			isa = XCBuildConfiguration;
			buildSettings = {
				ALWAYS_SEARCH_USER_PATHS = NO;
				CLANG_CXX_LANGUAGE_STANDARD = "gnu++0x";
				CLANG_CXX_LIBRARY = "libc++";
				CLANG_ENABLE_MODULES = YES;
				CLANG_ENABLE_OBJC_ARC = YES;
				CLANG_WARN_BOOL_CONVERSION = YES;
				CLANG_WARN_CONSTANT_CONVERSION = YES;
				CLANG_WARN_DIRECT_OBJC_ISA_USAGE = YES_ERROR;
				CLANG_WARN_EMPTY_BODY = YES;
				CLANG_WARN_ENUM_CONVERSION = YES;
				CLANG_WARN_INT_CONVERSION = YES;
				CLANG_WARN_OBJC_ROOT_CLASS = YES_ERROR;
				CLANG_WARN_UNREACHABLE_CODE = YES;
				CLANG_WARN__DUPLICATE_METHOD_MATCH = YES;
				COPY_PHASE_STRIP = YES;
				DEBUG_INFORMATION_FORMAT = "dwarf-with-dsym";
				ENABLE_NS_ASSERTIONS = NO;
				ENABLE_STRICT_OBJC_MSGSEND = YES;
				GCC_C_LANGUAGE_STANDARD = gnu99;
				GCC_WARN_64_TO_32_BIT_CONVERSION = YES;
				GCC_WARN_ABOUT_RETURN_TYPE = YES_ERROR;
				GCC_WARN_UNDECLARED_SELECTOR = YES;
				GCC_WARN_UNINITIALIZED_AUTOS = YES_AGGRESSIVE;
				GCC_WARN_UNUSED_FUNCTION = YES;
				GCC_WARN_UNUSED_VARIABLE = YES;
				MACOSX_DEPLOYMENT_TARGET = 10.10;
				MTL_ENABLE_DEBUG_INFO = NO;
				SDKROOT = macosx;
			};
			name = Release;
		};
		798093101B632AFB00386578 /* Debug */ = {
			isa = XCBuildConfiguration;
			buildSettings = {
				PRODUCT_NAME = "$(TARGET_NAME)";
			};
			name = Debug;
		};
		798093111B632AFB00386578 /* Release */ = {
			isa = XCBuildConfiguration;
			buildSettings = {
				PRODUCT_NAME = "$(TARGET_NAME)";
			};
			name = Release;
		};
/* End XCBuildConfiguration section */

/* Begin XCConfigurationList section */
		798093031B632AFB00386578 /* Build configuration list for PBXProject "dragonpoop_prealpha2" */ = {
			isa = XCConfigurationList;
			buildConfigurations = (
				7980930D1B632AFB00386578 /* Debug */,
				7980930E1B632AFB00386578 /* Release */,
			);
			defaultConfigurationIsVisible = 0;
			defaultConfigurationName = Release;
		};
		7980930F1B632AFB00386578 /* Build configuration list for PBXNativeTarget "dragonpoop_prealpha2" */ = {
			isa = XCConfigurationList;
			buildConfigurations = (
				798093101B632AFB00386578 /* Debug */,
				798093111B632AFB00386578 /* Release */,
			);
			defaultConfigurationIsVisible = 0;
		};
/* End XCConfigurationList section */
	};
	rootObject = 798093001B632AFB00386578 /* Project object */;
}
